// !$*UTF8*$!
{
	archiveVersion = 1;
	classes = {
	};
	objectVersion = 46;
	objects = {

/* Begin PBXBuildFile section */
		21217BE01B6A2BBB00CD66C5 /* ZDCChatStrings.bundle in Resources */ = {isa = PBXBuildFile; fileRef = 21217BDF1B6A2BBB00CD66C5 /* ZDCChatStrings.bundle */; };
		21280FF41AB9E97A005F555E /* ZDCChat.bundle in Resources */ = {isa = PBXBuildFile; fileRef = 21280FF21AB9E97A005F555E /* ZDCChat.bundle */; };
		21280FFB1ABAB363005F555E /* Images.xcassets in Resources */ = {isa = PBXBuildFile; fileRef = 21280FFA1ABAB363005F555E /* Images.xcassets */; };
		2128100B1ABB6670005F555E /* main.m in Sources */ = {isa = PBXBuildFile; fileRef = F1F19A6619FE7F8A00B4B49A /* main.m */; };
		212810151ABB6695005F555E /* AppDelegate.m in Sources */ = {isa = PBXBuildFile; fileRef = 212810101ABB6695005F555E /* AppDelegate.m */; };
		212810161ABB6695005F555E /* ChatStyling.m in Sources */ = {isa = PBXBuildFile; fileRef = 212810121ABB6695005F555E /* ChatStyling.m */; };
		212810171ABB6695005F555E /* ViewController.m in Sources */ = {isa = PBXBuildFile; fileRef = 212810141ABB6695005F555E /* ViewController.m */; };
		212DA2491B44707D00289C59 /* Localizable.strings in Resources */ = {isa = PBXBuildFile; fileRef = 212DA24B1B44707D00289C59 /* Localizable.strings */; };
		8330A0F21F9F43A100C293A7 /* Launch Screen.storyboard in Resources */ = {isa = PBXBuildFile; fileRef = 8330A0F11F9F43A100C293A7 /* Launch Screen.storyboard */; };
		836FF89B1D22CE8900B2F607 /* AVFoundation.framework in Frameworks */ = {isa = PBXBuildFile; fileRef = 836FF89A1D22CE8900B2F607 /* AVFoundation.framework */; };
		836FF89D1D22CFFB00B2F607 /* AssetsLibrary.framework in Frameworks */ = {isa = PBXBuildFile; fileRef = 836FF89C1D22CFFB00B2F607 /* AssetsLibrary.framework */; };
		D7887CF41C16073600994A5C /* ZDCChat.framework in Frameworks */ = {isa = PBXBuildFile; fileRef = F1E7FCD11A029CED008EB605 /* ZDCChat.framework */; };
		D7887CF71C160E6B00994A5C /* MobileCoreServices.framework in Frameworks */ = {isa = PBXBuildFile; fileRef = 2124D6C81B258E9E002BC280 /* MobileCoreServices.framework */; };
		E1F7BFFC22E7142000C02F7F /* ZDCChatAPI.framework in Frameworks */ = {isa = PBXBuildFile; fileRef = E1F7BFFB22E7142000C02F7F /* ZDCChatAPI.framework */; };
/* End PBXBuildFile section */

/* Begin PBXFileReference section */
		21217B0A1B5E454200CD66C5 /* bs */ = {isa = PBXFileReference; lastKnownFileType = text.plist.strings; name = bs; path = bs.lproj/Localizable.strings; sourceTree = "<group>"; };
		21217B0B1B5E455300CD66C5 /* bg */ = {isa = PBXFileReference; lastKnownFileType = text.plist.strings; name = bg; path = bg.lproj/Localizable.strings; sourceTree = "<group>"; };
		21217B0C1B5E45F100CD66C5 /* hr */ = {isa = PBXFileReference; lastKnownFileType = text.plist.strings; name = hr; path = hr.lproj/Localizable.strings; sourceTree = "<group>"; };
		21217B0E1B5E461D00CD66C5 /* et */ = {isa = PBXFileReference; lastKnownFileType = text.plist.strings; name = et; path = et.lproj/Localizable.strings; sourceTree = "<group>"; };
		21217B0F1B5E462E00CD66C5 /* fil */ = {isa = PBXFileReference; lastKnownFileType = text.plist.strings; name = fil; path = fil.lproj/Localizable.strings; sourceTree = "<group>"; };
		21217B101B5E463F00CD66C5 /* ka */ = {isa = PBXFileReference; lastKnownFileType = text.plist.strings; name = ka; path = ka.lproj/Localizable.strings; sourceTree = "<group>"; };
		21217B111B5E464B00CD66C5 /* hu */ = {isa = PBXFileReference; lastKnownFileType = text.plist.strings; name = hu; path = hu.lproj/Localizable.strings; sourceTree = "<group>"; };
		21217B121B5E465900CD66C5 /* is */ = {isa = PBXFileReference; lastKnownFileType = text.plist.strings; name = is; path = is.lproj/Localizable.strings; sourceTree = "<group>"; };
		21217B131B5E466300CD66C5 /* id */ = {isa = PBXFileReference; lastKnownFileType = text.plist.strings; name = id; path = id.lproj/Localizable.strings; sourceTree = "<group>"; };
		21217B141B5E467500CD66C5 /* lv */ = {isa = PBXFileReference; lastKnownFileType = text.plist.strings; name = lv; path = lv.lproj/Localizable.strings; sourceTree = "<group>"; };
		21217B151B5E468600CD66C5 /* lt */ = {isa = PBXFileReference; lastKnownFileType = text.plist.strings; name = lt; path = lt.lproj/Localizable.strings; sourceTree = "<group>"; };
		21217B161B5E46CD00CD66C5 /* ro */ = {isa = PBXFileReference; lastKnownFileType = text.plist.strings; name = ro; path = ro.lproj/Localizable.strings; sourceTree = "<group>"; };
		21217B171B5E46E300CD66C5 /* sr */ = {isa = PBXFileReference; lastKnownFileType = text.plist.strings; name = sr; path = sr.lproj/Localizable.strings; sourceTree = "<group>"; };
		21217B181B5E46EE00CD66C5 /* sk */ = {isa = PBXFileReference; lastKnownFileType = text.plist.strings; name = sk; path = sk.lproj/Localizable.strings; sourceTree = "<group>"; };
		21217B191B5E46FD00CD66C5 /* sl */ = {isa = PBXFileReference; lastKnownFileType = text.plist.strings; name = sl; path = sl.lproj/Localizable.strings; sourceTree = "<group>"; };
		21217B1A1B5E470600CD66C5 /* th */ = {isa = PBXFileReference; lastKnownFileType = text.plist.strings; name = th; path = th.lproj/Localizable.strings; sourceTree = "<group>"; };
		21217B1B1B5E471000CD66C5 /* uk */ = {isa = PBXFileReference; lastKnownFileType = text.plist.strings; name = uk; path = uk.lproj/Localizable.strings; sourceTree = "<group>"; };
		21217B1C1B5E471800CD66C5 /* vi */ = {isa = PBXFileReference; lastKnownFileType = text.plist.strings; name = vi; path = vi.lproj/Localizable.strings; sourceTree = "<group>"; };
		21217BC61B5E7BED00CD66C5 /* ca */ = {isa = PBXFileReference; lastKnownFileType = text.plist.strings; name = ca; path = ca.lproj/Localizable.strings; sourceTree = "<group>"; };
		21217BDD1B692D5300CD66C5 /* pt */ = {isa = PBXFileReference; lastKnownFileType = text.plist.strings; name = pt; path = pt.lproj/Localizable.strings; sourceTree = "<group>"; };
		21217BDE1B6930B100CD66C5 /* pt-BR */ = {isa = PBXFileReference; lastKnownFileType = text.plist.strings; name = "pt-BR"; path = "pt-BR.lproj/Localizable.strings"; sourceTree = "<group>"; };
		21217BDF1B6A2BBB00CD66C5 /* ZDCChatStrings.bundle */ = {isa = PBXFileReference; lastKnownFileType = "wrapper.plug-in"; name = ZDCChatStrings.bundle; path = ZopimChatSample/Bundles/ZDCChatStrings.bundle; sourceTree = "<group>"; };
		21217CF11B70B85A00CD66C5 /* nb */ = {isa = PBXFileReference; lastKnownFileType = text.plist.strings; name = nb; path = nb.lproj/Localizable.strings; sourceTree = "<group>"; };
		21217CF61B70BB2400CD66C5 /* cs */ = {isa = PBXFileReference; lastKnownFileType = text.plist.strings; name = cs; path = cs.lproj/Localizable.strings; sourceTree = "<group>"; };
		2124D6C81B258E9E002BC280 /* MobileCoreServices.framework */ = {isa = PBXFileReference; lastKnownFileType = wrapper.framework; name = MobileCoreServices.framework; path = System/Library/Frameworks/MobileCoreServices.framework; sourceTree = SDKROOT; };
		21280FF21AB9E97A005F555E /* ZDCChat.bundle */ = {isa = PBXFileReference; lastKnownFileType = "wrapper.plug-in"; name = ZDCChat.bundle; path = ZopimChatSample/Bundles/ZDCChat.bundle; sourceTree = "<group>"; };
		21280FFA1ABAB363005F555E /* Images.xcassets */ = {isa = PBXFileReference; lastKnownFileType = folder.assetcatalog; name = Images.xcassets; path = ZopimChatSample/Resources/Images.xcassets; sourceTree = SOURCE_ROOT; };
		21280FFC1ABAB377005F555E /* PrefixHeader.pch */ = {isa = PBXFileReference; fileEncoding = 4; lastKnownFileType = sourcecode.c.h; name = PrefixHeader.pch; path = ZopimChatSample/PrefixHeader.pch; sourceTree = SOURCE_ROOT; };
		2128100F1ABB6695005F555E /* AppDelegate.h */ = {isa = PBXFileReference; fileEncoding = 4; lastKnownFileType = sourcecode.c.h; name = AppDelegate.h; path = ZopimChatSample/AppDelegate.h; sourceTree = SOURCE_ROOT; };
		212810101ABB6695005F555E /* AppDelegate.m */ = {isa = PBXFileReference; fileEncoding = 4; lastKnownFileType = sourcecode.c.objc; name = AppDelegate.m; path = ZopimChatSample/AppDelegate.m; sourceTree = SOURCE_ROOT; };
		212810111ABB6695005F555E /* ChatStyling.h */ = {isa = PBXFileReference; fileEncoding = 4; lastKnownFileType = sourcecode.c.h; name = ChatStyling.h; path = ZopimChatSample/ChatStyling.h; sourceTree = SOURCE_ROOT; };
		212810121ABB6695005F555E /* ChatStyling.m */ = {isa = PBXFileReference; fileEncoding = 4; lastKnownFileType = sourcecode.c.objc; name = ChatStyling.m; path = ZopimChatSample/ChatStyling.m; sourceTree = SOURCE_ROOT; };
		212810131ABB6695005F555E /* ViewController.h */ = {isa = PBXFileReference; fileEncoding = 4; lastKnownFileType = sourcecode.c.h; name = ViewController.h; path = ZopimChatSample/ViewController.h; sourceTree = SOURCE_ROOT; };
		212810141ABB6695005F555E /* ViewController.m */ = {isa = PBXFileReference; fileEncoding = 4; lastKnownFileType = sourcecode.c.objc; name = ViewController.m; path = ZopimChatSample/ViewController.m; sourceTree = SOURCE_ROOT; };
		212DA24A1B44707D00289C59 /* Base */ = {isa = PBXFileReference; lastKnownFileType = text.plist.strings; name = Base; path = Base.lproj/Localizable.strings; sourceTree = "<group>"; };
		212DA24C1B44708000289C59 /* en */ = {isa = PBXFileReference; lastKnownFileType = text.plist.strings; name = en; path = en.lproj/Localizable.strings; sourceTree = "<group>"; };
		212DA24D1B4470A300289C59 /* fr */ = {isa = PBXFileReference; lastKnownFileType = text.plist.strings; name = fr; path = fr.lproj/Localizable.strings; sourceTree = "<group>"; };
		212DA24E1B4470AA00289C59 /* zh-Hans */ = {isa = PBXFileReference; lastKnownFileType = text.plist.strings; name = "zh-Hans"; path = "zh-Hans.lproj/Localizable.strings"; sourceTree = "<group>"; };
		212DA24F1B4470AE00289C59 /* zh-Hant */ = {isa = PBXFileReference; lastKnownFileType = text.plist.strings; name = "zh-Hant"; path = "zh-Hant.lproj/Localizable.strings"; sourceTree = "<group>"; };
		212DA2501B4470B600289C59 /* de */ = {isa = PBXFileReference; lastKnownFileType = text.plist.strings; name = de; path = de.lproj/Localizable.strings; sourceTree = "<group>"; };
		212DA2511B4470BB00289C59 /* ja */ = {isa = PBXFileReference; lastKnownFileType = text.plist.strings; name = ja; path = ja.lproj/Localizable.strings; sourceTree = "<group>"; };
		212DA2521B4470C400289C59 /* es */ = {isa = PBXFileReference; lastKnownFileType = text.plist.strings; name = es; path = es.lproj/Localizable.strings; sourceTree = "<group>"; };
		212DA2531B4470CC00289C59 /* it */ = {isa = PBXFileReference; lastKnownFileType = text.plist.strings; name = it; path = it.lproj/Localizable.strings; sourceTree = "<group>"; };
		212DA2541B4470D700289C59 /* fi */ = {isa = PBXFileReference; lastKnownFileType = text.plist.strings; name = fi; path = fi.lproj/Localizable.strings; sourceTree = "<group>"; };
		212DA2551B4470E800289C59 /* ko */ = {isa = PBXFileReference; lastKnownFileType = text.plist.strings; name = ko; path = ko.lproj/Localizable.strings; sourceTree = "<group>"; };
		212DA2561B4470F100289C59 /* nl */ = {isa = PBXFileReference; lastKnownFileType = text.plist.strings; name = nl; path = nl.lproj/Localizable.strings; sourceTree = "<group>"; };
		212DA2571B44715400289C59 /* pl */ = {isa = PBXFileReference; lastKnownFileType = text.plist.strings; name = pl; path = pl.lproj/Localizable.strings; sourceTree = "<group>"; };
		212DA2591B44716400289C59 /* ru */ = {isa = PBXFileReference; lastKnownFileType = text.plist.strings; name = ru; path = ru.lproj/Localizable.strings; sourceTree = "<group>"; };
		212DA25A1B44716D00289C59 /* sv */ = {isa = PBXFileReference; lastKnownFileType = text.plist.strings; name = sv; path = sv.lproj/Localizable.strings; sourceTree = "<group>"; };
		212DA25B1B44717300289C59 /* tr */ = {isa = PBXFileReference; lastKnownFileType = text.plist.strings; name = tr; path = tr.lproj/Localizable.strings; sourceTree = "<group>"; };
		212DA25C1B4471B000289C59 /* en-GB */ = {isa = PBXFileReference; lastKnownFileType = text.plist.strings; name = "en-GB"; path = "en-GB.lproj/Localizable.strings"; sourceTree = "<group>"; };
		212DA25E1B44727100289C59 /* da */ = {isa = PBXFileReference; lastKnownFileType = text.plist.strings; name = da; path = da.lproj/Localizable.strings; sourceTree = "<group>"; };
		213948691FDFC4B900D01AD0 /* ChatSample.entitlements */ = {isa = PBXFileReference; lastKnownFileType = text.plist.entitlements; path = ChatSample.entitlements; sourceTree = "<group>"; };
		8330A0F11F9F43A100C293A7 /* Launch Screen.storyboard */ = {isa = PBXFileReference; lastKnownFileType = file.storyboard; name = "Launch Screen.storyboard"; path = "Resources/Launch Screen.storyboard"; sourceTree = "<group>"; };
		836FF89A1D22CE8900B2F607 /* AVFoundation.framework */ = {isa = PBXFileReference; lastKnownFileType = wrapper.framework; name = AVFoundation.framework; path = System/Library/Frameworks/AVFoundation.framework; sourceTree = SDKROOT; };
		836FF89C1D22CFFB00B2F607 /* AssetsLibrary.framework */ = {isa = PBXFileReference; lastKnownFileType = wrapper.framework; name = AssetsLibrary.framework; path = System/Library/Frameworks/AssetsLibrary.framework; sourceTree = SDKROOT; };
		D7AB6EDC20045DBC00810D43 /* ChatSampleRelease.entitlements */ = {isa = PBXFileReference; fileEncoding = 4; lastKnownFileType = text.plist.entitlements; path = ChatSampleRelease.entitlements; sourceTree = "<group>"; };
		E1F7BFFB22E7142000C02F7F /* ZDCChatAPI.framework */ = {isa = PBXFileReference; lastKnownFileType = wrapper.framework; name = ZDCChatAPI.framework; path = ZopimChatSample/Frameworks/ZDCChatAPI.framework; sourceTree = "<group>"; };
		F1E7FCD11A029CED008EB605 /* ZDCChat.framework */ = {isa = PBXFileReference; lastKnownFileType = wrapper.framework; name = ZDCChat.framework; path = ZopimChatSample/Frameworks/ZDCChat.framework; sourceTree = "<group>"; };
		F1F19A6119FE7F8A00B4B49A /* Chat Sample.app */ = {isa = PBXFileReference; explicitFileType = wrapper.application; includeInIndex = 0; path = "Chat Sample.app"; sourceTree = BUILT_PRODUCTS_DIR; };
		F1F19A6519FE7F8A00B4B49A /* Info.plist */ = {isa = PBXFileReference; lastKnownFileType = text.plist.xml; name = Info.plist; path = ZopimChatSample/Info.plist; sourceTree = SOURCE_ROOT; };
		F1F19A6619FE7F8A00B4B49A /* main.m */ = {isa = PBXFileReference; lastKnownFileType = sourcecode.c.objc; lineEnding = 0; name = main.m; path = ZopimChatSample/main.m; sourceTree = SOURCE_ROOT; xcLanguageSpecificationIdentifier = xcode.lang.objc; };
/* End PBXFileReference section */

/* Begin PBXFrameworksBuildPhase section */
		F1F19A5E19FE7F8A00B4B49A /* Frameworks */ = {
			isa = PBXFrameworksBuildPhase;
			buildActionMask = 2147483647;
			files = (
				E1F7BFFC22E7142000C02F7F /* ZDCChatAPI.framework in Frameworks */,
				836FF89D1D22CFFB00B2F607 /* AssetsLibrary.framework in Frameworks */,
				836FF89B1D22CE8900B2F607 /* AVFoundation.framework in Frameworks */,
				D7887CF71C160E6B00994A5C /* MobileCoreServices.framework in Frameworks */,
				D7887CF41C16073600994A5C /* ZDCChat.framework in Frameworks */,
			);
			runOnlyForDeploymentPostprocessing = 0;
		};
/* End PBXFrameworksBuildPhase section */

/* Begin PBXGroup section */
		21280FCD1AB9DEDC005F555E /* Bundles */ = {
			isa = PBXGroup;
			children = (
				21217BDF1B6A2BBB00CD66C5 /* ZDCChatStrings.bundle */,
				21280FF21AB9E97A005F555E /* ZDCChat.bundle */,
			);
			name = Bundles;
			sourceTree = "<group>";
		};
		21280FF71ABAB1F8005F555E /* Resources */ = {
			isa = PBXGroup;
			children = (
				21280FFA1ABAB363005F555E /* Images.xcassets */,
				212DA24B1B44707D00289C59 /* Localizable.strings */,
				8330A0F11F9F43A100C293A7 /* Launch Screen.storyboard */,
			);
			name = Resources;
			sourceTree = "<group>";
		};
		F1F19A5819FE7F8A00B4B49A = {
			isa = PBXGroup;
			children = (
				D7AB6EDC20045DBC00810D43 /* ChatSampleRelease.entitlements */,
				213948691FDFC4B900D01AD0 /* ChatSample.entitlements */,
				F1F19A6319FE7F8A00B4B49A /* ZopimChatSample */,
				21280FCD1AB9DEDC005F555E /* Bundles */,
				F1F19AD219FFD3C800B4B49A /* Frameworks */,
				F1F19A6219FE7F8A00B4B49A /* Products */,
			);
			sourceTree = "<group>";
		};
		F1F19A6219FE7F8A00B4B49A /* Products */ = {
			isa = PBXGroup;
			children = (
				F1F19A6119FE7F8A00B4B49A /* Chat Sample.app */,
			);
			name = Products;
			sourceTree = "<group>";
		};
		F1F19A6319FE7F8A00B4B49A /* ZopimChatSample */ = {
			isa = PBXGroup;
			children = (
				21280FF71ABAB1F8005F555E /* Resources */,
				F1F19A6419FE7F8A00B4B49A /* Supporting Files */,
				2128100F1ABB6695005F555E /* AppDelegate.h */,
				212810101ABB6695005F555E /* AppDelegate.m */,
				212810111ABB6695005F555E /* ChatStyling.h */,
				212810121ABB6695005F555E /* ChatStyling.m */,
				212810131ABB6695005F555E /* ViewController.h */,
				212810141ABB6695005F555E /* ViewController.m */,
			);
			path = ZopimChatSample;
			sourceTree = "<group>";
		};
		F1F19A6419FE7F8A00B4B49A /* Supporting Files */ = {
			isa = PBXGroup;
			children = (
				21280FFC1ABAB377005F555E /* PrefixHeader.pch */,
				F1F19A6519FE7F8A00B4B49A /* Info.plist */,
				F1F19A6619FE7F8A00B4B49A /* main.m */,
			);
			name = "Supporting Files";
			sourceTree = "<group>";
		};
		F1F19AD219FFD3C800B4B49A /* Frameworks */ = {
			isa = PBXGroup;
			children = (
				E1F7BFFB22E7142000C02F7F /* ZDCChatAPI.framework */,
				836FF89C1D22CFFB00B2F607 /* AssetsLibrary.framework */,
				836FF89A1D22CE8900B2F607 /* AVFoundation.framework */,
				2124D6C81B258E9E002BC280 /* MobileCoreServices.framework */,
				F1E7FCD11A029CED008EB605 /* ZDCChat.framework */,
			);
			name = Frameworks;
			sourceTree = "<group>";
		};
/* End PBXGroup section */

/* Begin PBXNativeTarget section */
		F1F19A6019FE7F8A00B4B49A /* Chat Sample */ = {
			isa = PBXNativeTarget;
			buildConfigurationList = F1F19A8419FE7F8A00B4B49A /* Build configuration list for PBXNativeTarget "Chat Sample" */;
			buildPhases = (
				F1F19A5D19FE7F8A00B4B49A /* Sources */,
				F1F19A5E19FE7F8A00B4B49A /* Frameworks */,
				F1F19A5F19FE7F8A00B4B49A /* Resources */,
			);
			buildRules = (
			);
			dependencies = (
			);
			name = "Chat Sample";
			productName = ZDChatSample;
			productReference = F1F19A6119FE7F8A00B4B49A /* Chat Sample.app */;
			productType = "com.apple.product-type.application";
		};
/* End PBXNativeTarget section */

/* Begin PBXProject section */
		F1F19A5919FE7F8A00B4B49A /* Project object */ = {
			isa = PBXProject;
			attributes = {
				LastUpgradeCheck = 0930;
				ORGANIZATIONNAME = Zendesk;
				TargetAttributes = {
					F1F19A6019FE7F8A00B4B49A = {
						CreatedOnToolsVersion = 6.0;
						DevelopmentTeam = 7529UAQB93;
						ProvisioningStyle = Manual;
						SystemCapabilities = {
							com.apple.BackgroundModes = {
								enabled = 1;
							};
							com.apple.Push = {
								enabled = 1;
							};
						};
					};
				};
			};
			buildConfigurationList = F1F19A5C19FE7F8A00B4B49A /* Build configuration list for PBXProject "ZopimChatSample" */;
			compatibilityVersion = "Xcode 3.2";
			developmentRegion = English;
			hasScannedForEncodings = 0;
			knownRegions = (
				English,
				en,
				Base,
				fr,
				"zh-Hans",
				"zh-Hant",
				de,
				ja,
				es,
				it,
				fi,
				ko,
				nl,
				pl,
				ru,
				sv,
				tr,
				"en-GB",
				da,
				bs,
				bg,
				hr,
				et,
				fil,
				ka,
				hu,
				is,
				id,
				lv,
				lt,
				ro,
				sr,
				sk,
				sl,
				th,
				uk,
				vi,
				ca,
				pt,
				"pt-BR",
				nb,
				cs,
			);
			mainGroup = F1F19A5819FE7F8A00B4B49A;
			productRefGroup = F1F19A6219FE7F8A00B4B49A /* Products */;
			projectDirPath = "";
			projectRoot = "";
			targets = (
				F1F19A6019FE7F8A00B4B49A /* Chat Sample */,
			);
		};
/* End PBXProject section */

/* Begin PBXResourcesBuildPhase section */
		F1F19A5F19FE7F8A00B4B49A /* Resources */ = {
			isa = PBXResourcesBuildPhase;
			buildActionMask = 2147483647;
			files = (
				21217BE01B6A2BBB00CD66C5 /* ZDCChatStrings.bundle in Resources */,
				212DA2491B44707D00289C59 /* Localizable.strings in Resources */,
				21280FFB1ABAB363005F555E /* Images.xcassets in Resources */,
				8330A0F21F9F43A100C293A7 /* Launch Screen.storyboard in Resources */,
				21280FF41AB9E97A005F555E /* ZDCChat.bundle in Resources */,
			);
			runOnlyForDeploymentPostprocessing = 0;
		};
/* End PBXResourcesBuildPhase section */

/* Begin PBXSourcesBuildPhase section */
		F1F19A5D19FE7F8A00B4B49A /* Sources */ = {
			isa = PBXSourcesBuildPhase;
			buildActionMask = 2147483647;
			files = (
				212810151ABB6695005F555E /* AppDelegate.m in Sources */,
				2128100B1ABB6670005F555E /* main.m in Sources */,
				212810171ABB6695005F555E /* ViewController.m in Sources */,
				212810161ABB6695005F555E /* ChatStyling.m in Sources */,
			);
			runOnlyForDeploymentPostprocessing = 0;
		};
/* End PBXSourcesBuildPhase section */

/* Begin PBXVariantGroup section */
		212DA24B1B44707D00289C59 /* Localizable.strings */ = {
			isa = PBXVariantGroup;
			children = (
				212DA24A1B44707D00289C59 /* Base */,
				212DA24C1B44708000289C59 /* en */,
				212DA24D1B4470A300289C59 /* fr */,
				212DA24E1B4470AA00289C59 /* zh-Hans */,
				212DA24F1B4470AE00289C59 /* zh-Hant */,
				212DA2501B4470B600289C59 /* de */,
				212DA2511B4470BB00289C59 /* ja */,
				212DA2521B4470C400289C59 /* es */,
				212DA2531B4470CC00289C59 /* it */,
				212DA2541B4470D700289C59 /* fi */,
				212DA2551B4470E800289C59 /* ko */,
				212DA2561B4470F100289C59 /* nl */,
				212DA2571B44715400289C59 /* pl */,
				212DA2591B44716400289C59 /* ru */,
				212DA25A1B44716D00289C59 /* sv */,
				212DA25B1B44717300289C59 /* tr */,
				212DA25C1B4471B000289C59 /* en-GB */,
				212DA25E1B44727100289C59 /* da */,
				21217B0A1B5E454200CD66C5 /* bs */,
				21217B0B1B5E455300CD66C5 /* bg */,
				21217B0C1B5E45F100CD66C5 /* hr */,
				21217B0E1B5E461D00CD66C5 /* et */,
				21217B0F1B5E462E00CD66C5 /* fil */,
				21217B101B5E463F00CD66C5 /* ka */,
				21217B111B5E464B00CD66C5 /* hu */,
				21217B121B5E465900CD66C5 /* is */,
				21217B131B5E466300CD66C5 /* id */,
				21217B141B5E467500CD66C5 /* lv */,
				21217B151B5E468600CD66C5 /* lt */,
				21217B161B5E46CD00CD66C5 /* ro */,
				21217B171B5E46E300CD66C5 /* sr */,
				21217B181B5E46EE00CD66C5 /* sk */,
				21217B191B5E46FD00CD66C5 /* sl */,
				21217B1A1B5E470600CD66C5 /* th */,
				21217B1B1B5E471000CD66C5 /* uk */,
				21217B1C1B5E471800CD66C5 /* vi */,
				21217BC61B5E7BED00CD66C5 /* ca */,
				21217BDD1B692D5300CD66C5 /* pt */,
				21217BDE1B6930B100CD66C5 /* pt-BR */,
				21217CF11B70B85A00CD66C5 /* nb */,
				21217CF61B70BB2400CD66C5 /* cs */,
			);
			name = Localizable.strings;
			path = Resources;
			sourceTree = "<group>";
		};
/* End PBXVariantGroup section */

/* Begin XCBuildConfiguration section */
		F1716CA81A02C84D002E6897 /* AdHoc */ = {
			isa = XCBuildConfiguration;
			buildSettings = {
				ALWAYS_SEARCH_USER_PATHS = NO;
				CLANG_ANALYZER_LOCALIZABILITY_NONLOCALIZED = YES;
				CLANG_CXX_LANGUAGE_STANDARD = "gnu++0x";
				CLANG_CXX_LIBRARY = "libc++";
				CLANG_ENABLE_MODULES = YES;
				CLANG_ENABLE_OBJC_ARC = YES;
				CLANG_WARN_BLOCK_CAPTURE_AUTORELEASING = YES;
				CLANG_WARN_BOOL_CONVERSION = YES;
				CLANG_WARN_COMMA = YES;
				CLANG_WARN_CONSTANT_CONVERSION = YES;
				CLANG_WARN_DEPRECATED_OBJC_IMPLEMENTATIONS = YES;
				CLANG_WARN_DIRECT_OBJC_ISA_USAGE = YES_ERROR;
				CLANG_WARN_EMPTY_BODY = YES;
				CLANG_WARN_ENUM_CONVERSION = YES;
				CLANG_WARN_INFINITE_RECURSION = YES;
				CLANG_WARN_INT_CONVERSION = YES;
				CLANG_WARN_NON_LITERAL_NULL_CONVERSION = YES;
				CLANG_WARN_OBJC_IMPLICIT_RETAIN_SELF = YES;
				CLANG_WARN_OBJC_LITERAL_CONVERSION = YES;
				CLANG_WARN_OBJC_ROOT_CLASS = YES_ERROR;
				CLANG_WARN_RANGE_LOOP_ANALYSIS = YES;
				CLANG_WARN_STRICT_PROTOTYPES = YES;
				CLANG_WARN_SUSPICIOUS_MOVE = YES;
				CLANG_WARN_UNREACHABLE_CODE = YES;
				CLANG_WARN__DUPLICATE_METHOD_MATCH = YES;
				"CODE_SIGN_IDENTITY[sdk=iphoneos*]" = "iPhone Developer";
				COPY_PHASE_STRIP = NO;
				ENABLE_STRICT_OBJC_MSGSEND = YES;
				GCC_C_LANGUAGE_STANDARD = gnu99;
				GCC_DYNAMIC_NO_PIC = NO;
				GCC_NO_COMMON_BLOCKS = YES;
				GCC_OPTIMIZATION_LEVEL = 0;
				GCC_PREPROCESSOR_DEFINITIONS = (
					"DEBUG=1",
					"$(inherited)",
				);
				GCC_SYMBOLS_PRIVATE_EXTERN = NO;
				GCC_WARN_64_TO_32_BIT_CONVERSION = YES;
				GCC_WARN_ABOUT_RETURN_TYPE = YES_ERROR;
				GCC_WARN_UNDECLARED_SELECTOR = YES;
				GCC_WARN_UNINITIALIZED_AUTOS = YES_AGGRESSIVE;
				GCC_WARN_UNUSED_FUNCTION = YES;
				GCC_WARN_UNUSED_VARIABLE = YES;
				IPHONEOS_DEPLOYMENT_TARGET = 9.0;
				MTL_ENABLE_DEBUG_INFO = YES;
				ONLY_ACTIVE_ARCH = YES;
				SDKROOT = iphoneos;
				TARGETED_DEVICE_FAMILY = "1,2";
			};
			name = AdHoc;
		};
		F1716CA91A02C84D002E6897 /* AdHoc */ = {
			isa = XCBuildConfiguration;
			buildSettings = {
				ASSETCATALOG_COMPILER_APPICON_NAME = AppIcon;
				CODE_SIGN_ENTITLEMENTS = ChatSampleRelease.entitlements;
				CODE_SIGN_IDENTITY = "iPhone Distribution";
				CODE_SIGN_RESOURCE_RULES_PATH = "$(SDKROOT)/ResourceRules.plist";
				CODE_SIGN_STYLE = Manual;
				CONFIGURATION_TEMP_DIR = "$(BUILD_DIR)/$(CONFIGURATION)$(EFFECTIVE_PLATFORM_NAME)";
				DEVELOPMENT_TEAM = "";
				FRAMEWORK_SEARCH_PATHS = (
					"$(inherited)",
					"$(PROJECT_DIR)/ZopimChatSample/Frameworks",
				);
				GCC_PREFIX_HEADER = ZopimChatSample/PrefixHeader.pch;
				INFOPLIST_FILE = ZopimChatSample/Info.plist;
				IPHONEOS_DEPLOYMENT_TARGET = 9.0;
				LD_RUNPATH_SEARCH_PATHS = "$(inherited) @executable_path/Frameworks @loader_path/Frameworks";
				PRODUCT_BUNDLE_IDENTIFIER = com.zendesk.chatsample;
				PRODUCT_NAME = "Chat Sample";
				PROVISIONING_PROFILE_SPECIFIER = "";
			};
			name = AdHoc;
		};
		F1F19A8219FE7F8A00B4B49A /* Debug */ = {
			isa = XCBuildConfiguration;
			buildSettings = {
				ALWAYS_SEARCH_USER_PATHS = NO;
				CLANG_ANALYZER_LOCALIZABILITY_NONLOCALIZED = YES;
				CLANG_CXX_LANGUAGE_STANDARD = "gnu++0x";
				CLANG_CXX_LIBRARY = "libc++";
				CLANG_ENABLE_MODULES = YES;
				CLANG_ENABLE_OBJC_ARC = YES;
				CLANG_WARN_BLOCK_CAPTURE_AUTORELEASING = YES;
				CLANG_WARN_BOOL_CONVERSION = YES;
				CLANG_WARN_COMMA = YES;
				CLANG_WARN_CONSTANT_CONVERSION = YES;
				CLANG_WARN_DEPRECATED_OBJC_IMPLEMENTATIONS = YES;
				CLANG_WARN_DIRECT_OBJC_ISA_USAGE = YES_ERROR;
				CLANG_WARN_EMPTY_BODY = YES;
				CLANG_WARN_ENUM_CONVERSION = YES;
				CLANG_WARN_INFINITE_RECURSION = YES;
				CLANG_WARN_INT_CONVERSION = YES;
				CLANG_WARN_NON_LITERAL_NULL_CONVERSION = YES;
				CLANG_WARN_OBJC_IMPLICIT_RETAIN_SELF = YES;
				CLANG_WARN_OBJC_LITERAL_CONVERSION = YES;
				CLANG_WARN_OBJC_ROOT_CLASS = YES_ERROR;
				CLANG_WARN_RANGE_LOOP_ANALYSIS = YES;
				CLANG_WARN_STRICT_PROTOTYPES = YES;
				CLANG_WARN_SUSPICIOUS_MOVE = YES;
				CLANG_WARN_UNREACHABLE_CODE = YES;
				CLANG_WARN__DUPLICATE_METHOD_MATCH = YES;
				"CODE_SIGN_IDENTITY[sdk=iphoneos*]" = "iPhone Developer";
				COPY_PHASE_STRIP = NO;
				ENABLE_STRICT_OBJC_MSGSEND = YES;
				ENABLE_TESTABILITY = YES;
				GCC_C_LANGUAGE_STANDARD = gnu99;
				GCC_DYNAMIC_NO_PIC = NO;
				GCC_NO_COMMON_BLOCKS = YES;
				GCC_OPTIMIZATION_LEVEL = 0;
				GCC_PREPROCESSOR_DEFINITIONS = (
					"DEBUG=1",
					"$(inherited)",
				);
				GCC_SYMBOLS_PRIVATE_EXTERN = NO;
				GCC_WARN_64_TO_32_BIT_CONVERSION = YES;
				GCC_WARN_ABOUT_RETURN_TYPE = YES_ERROR;
				GCC_WARN_UNDECLARED_SELECTOR = YES;
				GCC_WARN_UNINITIALIZED_AUTOS = YES_AGGRESSIVE;
				GCC_WARN_UNUSED_FUNCTION = YES;
				GCC_WARN_UNUSED_VARIABLE = YES;
				IPHONEOS_DEPLOYMENT_TARGET = 9.0;
				MTL_ENABLE_DEBUG_INFO = YES;
				ONLY_ACTIVE_ARCH = YES;
				SDKROOT = iphoneos;
				TARGETED_DEVICE_FAMILY = "1,2";
			};
			name = Debug;
		};
		F1F19A8319FE7F8A00B4B49A /* Release */ = {
			isa = XCBuildConfiguration;
			buildSettings = {
				ALWAYS_SEARCH_USER_PATHS = NO;
				CLANG_ANALYZER_LOCALIZABILITY_NONLOCALIZED = YES;
				CLANG_CXX_LANGUAGE_STANDARD = "gnu++0x";
				CLANG_CXX_LIBRARY = "libc++";
				CLANG_ENABLE_MODULES = YES;
				CLANG_ENABLE_OBJC_ARC = YES;
				CLANG_WARN_BLOCK_CAPTURE_AUTORELEASING = YES;
				CLANG_WARN_BOOL_CONVERSION = YES;
				CLANG_WARN_COMMA = YES;
				CLANG_WARN_CONSTANT_CONVERSION = YES;
				CLANG_WARN_DEPRECATED_OBJC_IMPLEMENTATIONS = YES;
				CLANG_WARN_DIRECT_OBJC_ISA_USAGE = YES_ERROR;
				CLANG_WARN_EMPTY_BODY = YES;
				CLANG_WARN_ENUM_CONVERSION = YES;
				CLANG_WARN_INFINITE_RECURSION = YES;
				CLANG_WARN_INT_CONVERSION = YES;
				CLANG_WARN_NON_LITERAL_NULL_CONVERSION = YES;
				CLANG_WARN_OBJC_IMPLICIT_RETAIN_SELF = YES;
				CLANG_WARN_OBJC_LITERAL_CONVERSION = YES;
				CLANG_WARN_OBJC_ROOT_CLASS = YES_ERROR;
				CLANG_WARN_RANGE_LOOP_ANALYSIS = YES;
				CLANG_WARN_STRICT_PROTOTYPES = YES;
				CLANG_WARN_SUSPICIOUS_MOVE = YES;
				CLANG_WARN_UNREACHABLE_CODE = YES;
				CLANG_WARN__DUPLICATE_METHOD_MATCH = YES;
				"CODE_SIGN_IDENTITY[sdk=iphoneos*]" = "iPhone Developer";
				COPY_PHASE_STRIP = YES;
				ENABLE_NS_ASSERTIONS = NO;
				ENABLE_STRICT_OBJC_MSGSEND = YES;
				GCC_C_LANGUAGE_STANDARD = gnu99;
				GCC_NO_COMMON_BLOCKS = YES;
				GCC_WARN_64_TO_32_BIT_CONVERSION = YES;
				GCC_WARN_ABOUT_RETURN_TYPE = YES_ERROR;
				GCC_WARN_UNDECLARED_SELECTOR = YES;
				GCC_WARN_UNINITIALIZED_AUTOS = YES_AGGRESSIVE;
				GCC_WARN_UNUSED_FUNCTION = YES;
				GCC_WARN_UNUSED_VARIABLE = YES;
				IPHONEOS_DEPLOYMENT_TARGET = 9.0;
				MTL_ENABLE_DEBUG_INFO = NO;
				SDKROOT = iphoneos;
				TARGETED_DEVICE_FAMILY = "1,2";
				VALIDATE_PRODUCT = YES;
			};
			name = Release;
		};
		F1F19A8519FE7F8A00B4B49A /* Debug */ = {
			isa = XCBuildConfiguration;
			buildSettings = {
				ASSETCATALOG_COMPILER_APPICON_NAME = AppIcon;
				CODE_SIGN_ENTITLEMENTS = ChatSample.entitlements;
				CODE_SIGN_IDENTITY = "iPhone Developer";
				CODE_SIGN_RESOURCE_RULES_PATH = "$(SDKROOT)/ResourceRules.plist";
				CODE_SIGN_STYLE = Manual;
				CONFIGURATION_TEMP_DIR = "$(BUILD_DIR)/$(CONFIGURATION)$(EFFECTIVE_PLATFORM_NAME)";
				DEVELOPMENT_TEAM = "";
				FRAMEWORK_SEARCH_PATHS = (
					"$(inherited)",
					"$(PROJECT_DIR)/ZopimChatSample/Frameworks",
				);
				GCC_PREFIX_HEADER = ZopimChatSample/PrefixHeader.pch;
				INFOPLIST_FILE = ZopimChatSample/Info.plist;
				IPHONEOS_DEPLOYMENT_TARGET = 9.0;
				LD_RUNPATH_SEARCH_PATHS = "$(inherited) @executable_path/Frameworks @loader_path/Frameworks";
				PRODUCT_BUNDLE_IDENTIFIER = com.zendesk.chatsample;
				PRODUCT_NAME = "Chat Sample";
				PROVISIONING_PROFILE_SPECIFIER = "";
				SKIP_INSTALL = NO;
			};
			name = Debug;
		};
		F1F19A8619FE7F8A00B4B49A /* Release */ = {
			isa = XCBuildConfiguration;
			buildSettings = {
				ASSETCATALOG_COMPILER_APPICON_NAME = AppIcon;
				CODE_SIGN_ENTITLEMENTS = ChatSampleRelease.entitlements;
				CODE_SIGN_IDENTITY = "iPhone Distribution";
				CODE_SIGN_RESOURCE_RULES_PATH = "$(SDKROOT)/ResourceRules.plist";
				CODE_SIGN_STYLE = Manual;
				CONFIGURATION_TEMP_DIR = "$(BUILD_DIR)/$(CONFIGURATION)$(EFFECTIVE_PLATFORM_NAME)";
				DEVELOPMENT_TEAM = "";
				FRAMEWORK_SEARCH_PATHS = (
					"$(inherited)",
					"$(PROJECT_DIR)/ZopimChatSample/Frameworks",
				);
				GCC_PREFIX_HEADER = ZopimChatSample/PrefixHeader.pch;
				INFOPLIST_FILE = ZopimChatSample/Info.plist;
				IPHONEOS_DEPLOYMENT_TARGET = 9.0;
				LD_RUNPATH_SEARCH_PATHS = "$(inherited) @executable_path/Frameworks @loader_path/Frameworks";
				PRODUCT_BUNDLE_IDENTIFIER = com.zendesk.chatsample;
				PRODUCT_NAME = "Chat Sample";
				PROVISIONING_PROFILE_SPECIFIER = "";
			};
			name = Release;
		};
/* End XCBuildConfiguration section */

/* Begin XCConfigurationList section */
		F1F19A5C19FE7F8A00B4B49A /* Build configuration list for PBXProject "ZopimChatSample" */ = {
			isa = XCConfigurationList;
			buildConfigurations = (
				F1F19A8219FE7F8A00B4B49A /* Debug */,
				F1716CA81A02C84D002E6897 /* AdHoc */,
				F1F19A8319FE7F8A00B4B49A /* Release */,
			);
			defaultConfigurationIsVisible = 0;
			defaultConfigurationName = Release;
		};
		F1F19A8419FE7F8A00B4B49A /* Build configuration list for PBXNativeTarget "Chat Sample" */ = {
			isa = XCConfigurationList;
			buildConfigurations = (
				F1F19A8519FE7F8A00B4B49A /* Debug */,
				F1716CA91A02C84D002E6897 /* AdHoc */,
				F1F19A8619FE7F8A00B4B49A /* Release */,
			);
			defaultConfigurationIsVisible = 0;
			defaultConfigurationName = Release;
		};
/* End XCConfigurationList section */
	};
	rootObject = F1F19A5919FE7F8A00B4B49A /* Project object */;
}
